
Microsoft Visual Studio Solution File, Format Version 12.00
# Visual Studio 15
VisualStudioVersion = 15.0.27428.2037
MinimumVisualStudioVersion = 10.0.40219.1
Project("{FAE04EC0-301F-11D3-BF4B-00C04F79EFBC}") = "MHagiyama_LinkedLIstTest", "MHagiyama_LinkedLIstTest\MHagiyama_LinkedLIstTest.csproj", "{EC74BDF4-7FFE-45A3-B0DD-F0661B0D5C48}"
EndProject
Global
	GlobalSection(SolutionConfigurationPlatforms) = preSolution
		Debug|Any CPU = Debug|Any CPU
		Release|Any CPU = Release|Any CPU
	EndGlobalSection
	GlobalSection(ProjectConfigurationPlatforms) = postSolution
		{EC74BDF4-7FFE-45A3-B0DD-F0661B0D5C48}.Debug|Any CPU.ActiveCfg = Debug|Any CPU
		{EC74BDF4-7FFE-45A3-B0DD-F0661B0D5C48}.Debug|Any CPU.Build.0 = Debug|Any CPU
		{EC74BDF4-7FFE-45A3-B0DD-F0661B0D5C48}.Release|Any CPU.ActiveCfg = Release|Any CPU
		{EC74BDF4-7FFE-45A3-B0DD-F0661B0D5C48}.Release|Any CPU.Build.0 = Release|Any CPU
	EndGlobalSection
	GlobalSection(SolutionProperties) = preSolution
		HideSolutionNode = FALSE
	EndGlobalSection
	GlobalSection(ExtensibilityGlobals) = postSolution
		SolutionGuid = {D902603D-31E5-4654-858C-D942F0FD77D3}
	EndGlobalSection
EndGlobal
