
Microsoft Visual Studio Solution File, Format Version 12.00
# Visual Studio 15
VisualStudioVersion = 15.0.27428.2037
MinimumVisualStudioVersion = 10.0.40219.1
Project("{FAE04EC0-301F-11D3-BF4B-00C04F79EFBC}") = "Moemi-Hagiyama_LinkedListLibrary", "Moemi-Hagiyama_LinkedListLibrary\Moemi-Hagiyama_LinkedListLibrary.csproj", "{DFB09DE3-B0F8-444A-8132-F75462D6B631}"
EndProject
Global
	GlobalSection(SolutionConfigurationPlatforms) = preSolution
		Debug|Any CPU = Debug|Any CPU
		Release|Any CPU = Release|Any CPU
	EndGlobalSection
	GlobalSection(ProjectConfigurationPlatforms) = postSolution
		{DFB09DE3-B0F8-444A-8132-F75462D6B631}.Debug|Any CPU.ActiveCfg = Debug|Any CPU
		{DFB09DE3-B0F8-444A-8132-F75462D6B631}.Debug|Any CPU.Build.0 = Debug|Any CPU
		{DFB09DE3-B0F8-444A-8132-F75462D6B631}.Release|Any CPU.ActiveCfg = Release|Any CPU
		{DFB09DE3-B0F8-444A-8132-F75462D6B631}.Release|Any CPU.Build.0 = Release|Any CPU
	EndGlobalSection
	GlobalSection(SolutionProperties) = preSolution
		HideSolutionNode = FALSE
	EndGlobalSection
	GlobalSection(ExtensibilityGlobals) = postSolution
		SolutionGuid = {86ECD02C-EC38-4139-B9CB-ABA1B1FA0825}
	EndGlobalSection
EndGlobal
